{
  "name": "general-status-bar-color",
  "version": "1.0.0",
  "lockfileVersion": 1,
  "requires": true,
  "dependencies": {
    "react-native-status-bar-height": {
      "version": "2.4.0",
      "resolved": "https://registry.npmjs.org/react-native-status-bar-height/-/react-native-status-bar-height-2.4.0.tgz",
      "integrity": "sha512-pWvZFlyIHiuxLugLioq97vXiaGSovFXEyxt76wQtbq0gxv4dGXMPqYow46UmpwOgeJpBhqL1E0EKxnfJRrFz5w=="
    }
  }
}
